{
  "requires": true,
  "lockfileVersion": 1,
  "dependencies": {
    "minimist": {
      "version": "1.2.5",
      "resolved": "https://registry.npmjs.org/minimist/-/minimist-1.2.5.tgz",
      "integrity": "sha512-FM9nNUYrRBAELZQT3xeZQ7fmMOBg6nWNmJKTcgsJeaLstP/UODVpGsr5OhXhhXg6f+qtJ8uiZ+PUxkDWcgIXLw=="
    },
    "odata-csdl": {
      "version": "0.2.9",
      "resolved": "https://registry.npmjs.org/odata-csdl/-/odata-csdl-0.2.9.tgz",
      "integrity": "sha512-qGohckl+v/minsTOSoG73u9QzZo29BkpK91LM5riDnHBJ7yYm/Wuaoeef9mO3dIJpuXOzXFYV6uIrlIs4pwWjw==",
      "requires": {
        "minimist": "^1.2.5",
        "sax": "^1.2.4"
      }
    },
    "sax": {
      "version": "1.2.4",
      "resolved": "https://registry.npmjs.org/sax/-/sax-1.2.4.tgz",
      "integrity": "sha512-NqVDv9TpANUjFm0N8uM5GxL36UgKi9/atZw+x7YFnQ8ckwFGKrl4xX4yWtrey3UJm5nP1kUbnYgLopqWNSRhWw=="
    }
  }
}
